
Microsoft Visual Studio Solution File, Format Version 12.00
# Visual Studio Version 16
VisualStudioVersion = 16.0.29318.209
MinimumVisualStudioVersion = 10.0.40219.1
Project("{9A19103F-16F7-4668-BE54-9A1E7A4F7556}") = "Ctrl.Core.Business", "src\Core\Ctrl.Core.Business\Ctrl.Core.Business.csproj", "{EE98E34C-EE2E-4376-BD99-E389F51A4729}"
EndProject
Project("{9A19103F-16F7-4668-BE54-9A1E7A4F7556}") = "CtrlCloud.Framework.Core", "src\Core\Ctrl.Core.Core\CtrlCloud.Framework.Core.csproj", "{4887C029-6E1F-42E2-9096-DE71BA6CC78C}"
EndProject
Project("{9A19103F-16F7-4668-BE54-9A1E7A4F7556}") = "Ctrl.Core.DataAccess", "src\Core\Ctrl.Core.DataAccess\Ctrl.Core.DataAccess.csproj", "{691775E8-77B3-4B53-A6B6-969D3ACB562E}"
EndProject
Project("{9A19103F-16F7-4668-BE54-9A1E7A4F7556}") = "Ctrl.Core.Entities", "src\Core\Ctrl.Core.Entities\Ctrl.Core.Entities.csproj", "{8E606A60-F16E-4C91-A4EA-DBA9003D1908}"
EndProject
Project("{9A19103F-16F7-4668-BE54-9A1E7A4F7556}") = "CtrlCloud.Framework.Core.PetaPoco", "src\Core\Ctrl.Core.PetaPoco\CtrlCloud.Framework.Core.PetaPoco.csproj", "{D4EB1FE4-7629-4D03-964D-EA33539D5B87}"
EndProject
Project("{9A19103F-16F7-4668-BE54-9A1E7A4F7556}") = "Ctrl.Core.Web", "src\Core\Ctrl.Core.Web\Ctrl.Core.Web.csproj", "{356B3181-5F71-4CEF-9B7C-7EC75C36F055}"
EndProject
Project("{9A19103F-16F7-4668-BE54-9A1E7A4F7556}") = "CtrlCloud.Framework.Domain.Business", "src\Domain\System\Ctrl.Domain.Business\CtrlCloud.Framework.Domain.Business.csproj", "{7BB7124E-6828-4959-AD40-8E441DC5D8C2}"
EndProject
Project("{9A19103F-16F7-4668-BE54-9A1E7A4F7556}") = "CtrlCloud.Framework.Domain.DataAccess", "src\Domain\System\Ctrl.Domain.DataAccess\CtrlCloud.Framework.Domain.DataAccess.csproj", "{117AFC61-DCB8-4406-B835-6F6266580C5C}"
EndProject
Project("{9A19103F-16F7-4668-BE54-9A1E7A4F7556}") = "CtrlCloud.Framework.Domain.Models", "src\Domain\System\Ctrl.Domain.Models\CtrlCloud.Framework.Domain.Models.csproj", "{1673D783-95D8-4F40-818C-9FDA06F95B73}"
EndProject
Project("{9A19103F-16F7-4668-BE54-9A1E7A4F7556}") = "CtrlCloud.Framework.Web", "src\Presentation\Ctrl.Net\CtrlCloud.Framework.Web.csproj", "{E71F7D68-9837-4BA8-90FD-EC487A87C028}"
EndProject
Project("{9A19103F-16F7-4668-BE54-9A1E7A4F7556}") = "CtrlCloud.Framework.EntityFrameworkCore", "src\Core\Ctrl.Core.EntityFrameworkCore\CtrlCloud.Framework.EntityFrameworkCore.csproj", "{F3AB4097-8F8A-47DA-AB57-13597B2D24A1}"
EndProject
Project("{9A19103F-16F7-4668-BE54-9A1E7A4F7556}") = "CtrlCloud.Framework.Application", "src\Ctrl.Application\CtrlCloud.Framework.Application.csproj", "{93007AD2-1BAB-4B4B-8A93-8A940FE17883}"
EndProject
Project("{2150E333-8FDC-42A3-9474-1A3956D46DE8}") = "src", "src", "{FEA0B9AE-16A9-4683-8213-F7DD1BE7B1A4}"
EndProject
Project("{2150E333-8FDC-42A3-9474-1A3956D46DE8}") = "test", "test", "{36BC9DC4-2E6C-4E3B-9D1D-E5AB640E050F}"
EndProject
Project("{9A19103F-16F7-4668-BE54-9A1E7A4F7556}") = "CtrlCloud.Framework.EntityFrameworkCore.DbMigrations", "src\Ctrl.EntityFrameworkCore.DbMigrations\CtrlCloud.Framework.EntityFrameworkCore.DbMigrations.csproj", "{2B977287-4766-4E3B-B3B2-4B4C505BEB5A}"
EndProject
Project("{FAE04EC0-301F-11D3-BF4B-00C04F79EFBC}") = "CtrlCloud.Framework.Application.Contracts", "src\CtrlCloud.Framework.Application.Contracts\CtrlCloud.Framework.Application.Contracts.csproj", "{0E5F725E-F3B1-4422-ABCE-821A025B8A46}"
EndProject
Global
	GlobalSection(SolutionConfigurationPlatforms) = preSolution
		Debug|Any CPU = Debug|Any CPU
		Release|Any CPU = Release|Any CPU
	EndGlobalSection
	GlobalSection(ProjectConfigurationPlatforms) = postSolution
		{EE98E34C-EE2E-4376-BD99-E389F51A4729}.Debug|Any CPU.ActiveCfg = Debug|Any CPU
		{EE98E34C-EE2E-4376-BD99-E389F51A4729}.Debug|Any CPU.Build.0 = Debug|Any CPU
		{EE98E34C-EE2E-4376-BD99-E389F51A4729}.Release|Any CPU.ActiveCfg = Release|Any CPU
		{EE98E34C-EE2E-4376-BD99-E389F51A4729}.Release|Any CPU.Build.0 = Release|Any CPU
		{4887C029-6E1F-42E2-9096-DE71BA6CC78C}.Debug|Any CPU.ActiveCfg = Debug|Any CPU
		{4887C029-6E1F-42E2-9096-DE71BA6CC78C}.Debug|Any CPU.Build.0 = Debug|Any CPU
		{4887C029-6E1F-42E2-9096-DE71BA6CC78C}.Release|Any CPU.ActiveCfg = Release|Any CPU
		{4887C029-6E1F-42E2-9096-DE71BA6CC78C}.Release|Any CPU.Build.0 = Release|Any CPU
		{691775E8-77B3-4B53-A6B6-969D3ACB562E}.Debug|Any CPU.ActiveCfg = Debug|Any CPU
		{691775E8-77B3-4B53-A6B6-969D3ACB562E}.Debug|Any CPU.Build.0 = Debug|Any CPU
		{691775E8-77B3-4B53-A6B6-969D3ACB562E}.Release|Any CPU.ActiveCfg = Release|Any CPU
		{691775E8-77B3-4B53-A6B6-969D3ACB562E}.Release|Any CPU.Build.0 = Release|Any CPU
		{8E606A60-F16E-4C91-A4EA-DBA9003D1908}.Debug|Any CPU.ActiveCfg = Debug|Any CPU
		{8E606A60-F16E-4C91-A4EA-DBA9003D1908}.Debug|Any CPU.Build.0 = Debug|Any CPU
		{8E606A60-F16E-4C91-A4EA-DBA9003D1908}.Release|Any CPU.ActiveCfg = Release|Any CPU
		{8E606A60-F16E-4C91-A4EA-DBA9003D1908}.Release|Any CPU.Build.0 = Release|Any CPU
		{D4EB1FE4-7629-4D03-964D-EA33539D5B87}.Debug|Any CPU.ActiveCfg = Debug|Any CPU
		{D4EB1FE4-7629-4D03-964D-EA33539D5B87}.Debug|Any CPU.Build.0 = Debug|Any CPU
		{D4EB1FE4-7629-4D03-964D-EA33539D5B87}.Release|Any CPU.ActiveCfg = Release|Any CPU
		{D4EB1FE4-7629-4D03-964D-EA33539D5B87}.Release|Any CPU.Build.0 = Release|Any CPU
		{356B3181-5F71-4CEF-9B7C-7EC75C36F055}.Debug|Any CPU.ActiveCfg = Debug|Any CPU
		{356B3181-5F71-4CEF-9B7C-7EC75C36F055}.Debug|Any CPU.Build.0 = Debug|Any CPU
		{356B3181-5F71-4CEF-9B7C-7EC75C36F055}.Release|Any CPU.ActiveCfg = Release|Any CPU
		{356B3181-5F71-4CEF-9B7C-7EC75C36F055}.Release|Any CPU.Build.0 = Release|Any CPU
		{7BB7124E-6828-4959-AD40-8E441DC5D8C2}.Debug|Any CPU.ActiveCfg = Debug|Any CPU
		{7BB7124E-6828-4959-AD40-8E441DC5D8C2}.Debug|Any CPU.Build.0 = Debug|Any CPU
		{7BB7124E-6828-4959-AD40-8E441DC5D8C2}.Release|Any CPU.ActiveCfg = Release|Any CPU
		{7BB7124E-6828-4959-AD40-8E441DC5D8C2}.Release|Any CPU.Build.0 = Release|Any CPU
		{117AFC61-DCB8-4406-B835-6F6266580C5C}.Debug|Any CPU.ActiveCfg = Debug|Any CPU
		{117AFC61-DCB8-4406-B835-6F6266580C5C}.Debug|Any CPU.Build.0 = Debug|Any CPU
		{117AFC61-DCB8-4406-B835-6F6266580C5C}.Release|Any CPU.ActiveCfg = Release|Any CPU
		{117AFC61-DCB8-4406-B835-6F6266580C5C}.Release|Any CPU.Build.0 = Release|Any CPU
		{1673D783-95D8-4F40-818C-9FDA06F95B73}.Debug|Any CPU.ActiveCfg = Debug|Any CPU
		{1673D783-95D8-4F40-818C-9FDA06F95B73}.Debug|Any CPU.Build.0 = Debug|Any CPU
		{1673D783-95D8-4F40-818C-9FDA06F95B73}.Release|Any CPU.ActiveCfg = Release|Any CPU
		{1673D783-95D8-4F40-818C-9FDA06F95B73}.Release|Any CPU.Build.0 = Release|Any CPU
		{E71F7D68-9837-4BA8-90FD-EC487A87C028}.Debug|Any CPU.ActiveCfg = Debug|Any CPU
		{E71F7D68-9837-4BA8-90FD-EC487A87C028}.Debug|Any CPU.Build.0 = Debug|Any CPU
		{E71F7D68-9837-4BA8-90FD-EC487A87C028}.Release|Any CPU.ActiveCfg = Release|Any CPU
		{E71F7D68-9837-4BA8-90FD-EC487A87C028}.Release|Any CPU.Build.0 = Release|Any CPU
		{F3AB4097-8F8A-47DA-AB57-13597B2D24A1}.Debug|Any CPU.ActiveCfg = Debug|Any CPU
		{F3AB4097-8F8A-47DA-AB57-13597B2D24A1}.Debug|Any CPU.Build.0 = Debug|Any CPU
		{F3AB4097-8F8A-47DA-AB57-13597B2D24A1}.Release|Any CPU.ActiveCfg = Release|Any CPU
		{F3AB4097-8F8A-47DA-AB57-13597B2D24A1}.Release|Any CPU.Build.0 = Release|Any CPU
		{93007AD2-1BAB-4B4B-8A93-8A940FE17883}.Debug|Any CPU.ActiveCfg = Debug|Any CPU
		{93007AD2-1BAB-4B4B-8A93-8A940FE17883}.Debug|Any CPU.Build.0 = Debug|Any CPU
		{93007AD2-1BAB-4B4B-8A93-8A940FE17883}.Release|Any CPU.ActiveCfg = Release|Any CPU
		{93007AD2-1BAB-4B4B-8A93-8A940FE17883}.Release|Any CPU.Build.0 = Release|Any CPU
		{2B977287-4766-4E3B-B3B2-4B4C505BEB5A}.Debug|Any CPU.ActiveCfg = Debug|Any CPU
		{2B977287-4766-4E3B-B3B2-4B4C505BEB5A}.Debug|Any CPU.Build.0 = Debug|Any CPU
		{2B977287-4766-4E3B-B3B2-4B4C505BEB5A}.Release|Any CPU.ActiveCfg = Release|Any CPU
		{2B977287-4766-4E3B-B3B2-4B4C505BEB5A}.Release|Any CPU.Build.0 = Release|Any CPU
		{0E5F725E-F3B1-4422-ABCE-821A025B8A46}.Debug|Any CPU.ActiveCfg = Debug|Any CPU
		{0E5F725E-F3B1-4422-ABCE-821A025B8A46}.Debug|Any CPU.Build.0 = Debug|Any CPU
		{0E5F725E-F3B1-4422-ABCE-821A025B8A46}.Release|Any CPU.ActiveCfg = Release|Any CPU
		{0E5F725E-F3B1-4422-ABCE-821A025B8A46}.Release|Any CPU.Build.0 = Release|Any CPU
	EndGlobalSection
	GlobalSection(SolutionProperties) = preSolution
		HideSolutionNode = FALSE
	EndGlobalSection
	GlobalSection(NestedProjects) = preSolution
		{EE98E34C-EE2E-4376-BD99-E389F51A4729} = {FEA0B9AE-16A9-4683-8213-F7DD1BE7B1A4}
		{4887C029-6E1F-42E2-9096-DE71BA6CC78C} = {FEA0B9AE-16A9-4683-8213-F7DD1BE7B1A4}
		{691775E8-77B3-4B53-A6B6-969D3ACB562E} = {FEA0B9AE-16A9-4683-8213-F7DD1BE7B1A4}
		{8E606A60-F16E-4C91-A4EA-DBA9003D1908} = {FEA0B9AE-16A9-4683-8213-F7DD1BE7B1A4}
		{D4EB1FE4-7629-4D03-964D-EA33539D5B87} = {FEA0B9AE-16A9-4683-8213-F7DD1BE7B1A4}
		{356B3181-5F71-4CEF-9B7C-7EC75C36F055} = {FEA0B9AE-16A9-4683-8213-F7DD1BE7B1A4}
		{7BB7124E-6828-4959-AD40-8E441DC5D8C2} = {FEA0B9AE-16A9-4683-8213-F7DD1BE7B1A4}
		{117AFC61-DCB8-4406-B835-6F6266580C5C} = {FEA0B9AE-16A9-4683-8213-F7DD1BE7B1A4}
		{1673D783-95D8-4F40-818C-9FDA06F95B73} = {FEA0B9AE-16A9-4683-8213-F7DD1BE7B1A4}
		{E71F7D68-9837-4BA8-90FD-EC487A87C028} = {FEA0B9AE-16A9-4683-8213-F7DD1BE7B1A4}
		{F3AB4097-8F8A-47DA-AB57-13597B2D24A1} = {FEA0B9AE-16A9-4683-8213-F7DD1BE7B1A4}
		{93007AD2-1BAB-4B4B-8A93-8A940FE17883} = {FEA0B9AE-16A9-4683-8213-F7DD1BE7B1A4}
		{2B977287-4766-4E3B-B3B2-4B4C505BEB5A} = {FEA0B9AE-16A9-4683-8213-F7DD1BE7B1A4}
		{0E5F725E-F3B1-4422-ABCE-821A025B8A46} = {FEA0B9AE-16A9-4683-8213-F7DD1BE7B1A4}
	EndGlobalSection
	GlobalSection(ExtensibilityGlobals) = postSolution
		SolutionGuid = {15263E9B-6650-4CFC-A742-C40003127E40}
	EndGlobalSection
EndGlobal
